
Microsoft Visual Studio Solution File, Format Version 12.00
# Visual Studio Version 17
VisualStudioVersion = 17.7.34202.233
MinimumVisualStudioVersion = 10.0.40219.1
Project("{FAE04EC0-301F-11D3-BF4B-00C04F79EFBC}") = "ex24WPF", "ex24WPF.csproj", "{CCF5D26C-3CD1-4EA0-9546-B9830A91CF54}"
EndProject
Global
	GlobalSection(SolutionConfigurationPlatforms) = preSolution
		Debug|Any CPU = Debug|Any CPU
		Release|Any CPU = Release|Any CPU
	EndGlobalSection
	GlobalSection(ProjectConfigurationPlatforms) = postSolution
		{CCF5D26C-3CD1-4EA0-9546-B9830A91CF54}.Debug|Any CPU.ActiveCfg = Debug|Any CPU
		{CCF5D26C-3CD1-4EA0-9546-B9830A91CF54}.Debug|Any CPU.Build.0 = Debug|Any CPU
		{CCF5D26C-3CD1-4EA0-9546-B9830A91CF54}.Release|Any CPU.ActiveCfg = Release|Any CPU
		{CCF5D26C-3CD1-4EA0-9546-B9830A91CF54}.Release|Any CPU.Build.0 = Release|Any CPU
	EndGlobalSection
	GlobalSection(SolutionProperties) = preSolution
		HideSolutionNode = FALSE
	EndGlobalSection
	GlobalSection(ExtensibilityGlobals) = postSolution
		SolutionGuid = {0FA37747-A2D0-418B-AE8F-48DB2B25AB1D}
	EndGlobalSection
EndGlobal
